// !$*UTF8*$!
{
	archiveVersion = 1;
	classes = {
	};
	objectVersion = 56;
	objects = {

/* Begin PBXBuildFile section */
		5D7AB9E82A20C3B400FABAE1 /* AppDelegate.swift in Sources */ = {isa = PBXBuildFile; fileRef = 5D7AB9E72A20C3B400FABAE1 /* AppDelegate.swift */; };
		5D7AB9EA2A20C3B400FABAE1 /* SceneDelegate.swift in Sources */ = {isa = PBXBuildFile; fileRef = 5D7AB9E92A20C3B400FABAE1 /* SceneDelegate.swift */; };
		5D7AB9EF2A20C3B400FABAE1 /* Main.storyboard in Resources */ = {isa = PBXBuildFile; fileRef = 5D7AB9ED2A20C3B400FABAE1 /* Main.storyboard */; };
		5D7AB9F12A20C3B500FABAE1 /* Assets.xcassets in Resources */ = {isa = PBXBuildFile; fileRef = 5D7AB9F02A20C3B500FABAE1 /* Assets.xcassets */; };
		5D7AB9F42A20C3B500FABAE1 /* LaunchScreen.storyboard in Resources */ = {isa = PBXBuildFile; fileRef = 5D7AB9F22A20C3B500FABAE1 /* LaunchScreen.storyboard */; };
		5D7ABA002A20C8EE00FABAE1 /* ContactList.swift in Sources */ = {isa = PBXBuildFile; fileRef = 5D7AB9FF2A20C8EE00FABAE1 /* ContactList.swift */; };
		5D7ABA022A20CB0500FABAE1 /* Contact.swift in Sources */ = {isa = PBXBuildFile; fileRef = 5D7ABA012A20CB0500FABAE1 /* Contact.swift */; };
		5D7ABA052A20CBE900FABAE1 /* DataStore.swift in Sources */ = {isa = PBXBuildFile; fileRef = 5D7ABA042A20CBE900FABAE1 /* DataStore.swift */; };
		5D7ABA0A2A20D6BD00FABAE1 /* ContactDetails.swift in Sources */ = {isa = PBXBuildFile; fileRef = 5D7ABA092A20D6BD00FABAE1 /* ContactDetails.swift */; };
/* End PBXBuildFile section */

/* Begin PBXFileReference section */
		5D7AB9E42A20C3B400FABAE1 /* ContactList.app */ = {isa = PBXFileReference; explicitFileType = wrapper.application; includeInIndex = 0; path = ContactList.app; sourceTree = BUILT_PRODUCTS_DIR; };
		5D7AB9E72A20C3B400FABAE1 /* AppDelegate.swift */ = {isa = PBXFileReference; lastKnownFileType = sourcecode.swift; path = AppDelegate.swift; sourceTree = "<group>"; };
		5D7AB9E92A20C3B400FABAE1 /* SceneDelegate.swift */ = {isa = PBXFileReference; lastKnownFileType = sourcecode.swift; path = SceneDelegate.swift; sourceTree = "<group>"; };
		5D7AB9EE2A20C3B400FABAE1 /* Base */ = {isa = PBXFileReference; lastKnownFileType = file.storyboard; name = Base; path = Base.lproj/Main.storyboard; sourceTree = "<group>"; };
		5D7AB9F02A20C3B500FABAE1 /* Assets.xcassets */ = {isa = PBXFileReference; lastKnownFileType = folder.assetcatalog; path = Assets.xcassets; sourceTree = "<group>"; };
		5D7AB9F32A20C3B500FABAE1 /* Base */ = {isa = PBXFileReference; lastKnownFileType = file.storyboard; name = Base; path = Base.lproj/LaunchScreen.storyboard; sourceTree = "<group>"; };
		5D7AB9F52A20C3B500FABAE1 /* Info.plist */ = {isa = PBXFileReference; lastKnownFileType = text.plist.xml; path = Info.plist; sourceTree = "<group>"; };
		5D7AB9FF2A20C8EE00FABAE1 /* ContactList.swift */ = {isa = PBXFileReference; lastKnownFileType = sourcecode.swift; path = ContactList.swift; sourceTree = "<group>"; };
		5D7ABA012A20CB0500FABAE1 /* Contact.swift */ = {isa = PBXFileReference; lastKnownFileType = sourcecode.swift; path = Contact.swift; sourceTree = "<group>"; };
		5D7ABA042A20CBE900FABAE1 /* DataStore.swift */ = {isa = PBXFileReference; lastKnownFileType = sourcecode.swift; path = DataStore.swift; sourceTree = "<group>"; };
		5D7ABA092A20D6BD00FABAE1 /* ContactDetails.swift */ = {isa = PBXFileReference; lastKnownFileType = sourcecode.swift; path = ContactDetails.swift; sourceTree = "<group>"; };
/* End PBXFileReference section */

/* Begin PBXFrameworksBuildPhase section */
		5D7AB9E12A20C3B400FABAE1 /* Frameworks */ = {
			isa = PBXFrameworksBuildPhase;
			buildActionMask = 2147483647;
			files = (
			);
			runOnlyForDeploymentPostprocessing = 0;
		};
/* End PBXFrameworksBuildPhase section */

/* Begin PBXGroup section */
		5D7AB9DB2A20C3B400FABAE1 = {
			isa = PBXGroup;
			children = (
				5D7AB9E62A20C3B400FABAE1 /* ContactList */,
				5D7AB9E52A20C3B400FABAE1 /* Products */,
			);
			sourceTree = "<group>";
		};
		5D7AB9E52A20C3B400FABAE1 /* Products */ = {
			isa = PBXGroup;
			children = (
				5D7AB9E42A20C3B400FABAE1 /* ContactList.app */,
			);
			name = Products;
			sourceTree = "<group>";
		};
		5D7AB9E62A20C3B400FABAE1 /* ContactList */ = {
			isa = PBXGroup;
			children = (
				5D7AB9FE2A20C42F00FABAE1 /* Resources */,
				5D7AB9FB2A20C3E200FABAE1 /* App */,
				5D7AB9FD2A20C40000FABAE1 /* ViewControllers */,
				5D7AB9FC2A20C3EE00FABAE1 /* Storyboards */,
				5D7ABA062A20CC6B00FABAE1 /* Service */,
				5D7ABA032A20CB0B00FABAE1 /* Models */,
			);
			path = ContactList;
			sourceTree = "<group>";
		};
		5D7AB9FB2A20C3E200FABAE1 /* App */ = {
			isa = PBXGroup;
			children = (
				5D7AB9E72A20C3B400FABAE1 /* AppDelegate.swift */,
				5D7AB9E92A20C3B400FABAE1 /* SceneDelegate.swift */,
				5D7AB9F52A20C3B500FABAE1 /* Info.plist */,
			);
			path = App;
			sourceTree = "<group>";
		};
		5D7AB9FC2A20C3EE00FABAE1 /* Storyboards */ = {
			isa = PBXGroup;
			children = (
				5D7AB9ED2A20C3B400FABAE1 /* Main.storyboard */,
				5D7AB9F22A20C3B500FABAE1 /* LaunchScreen.storyboard */,
			);
			path = Storyboards;
			sourceTree = "<group>";
		};
		5D7AB9FD2A20C40000FABAE1 /* ViewControllers */ = {
			isa = PBXGroup;
			children = (
				5D7AB9FF2A20C8EE00FABAE1 /* ContactList.swift */,
				5D7ABA092A20D6BD00FABAE1 /* ContactDetails.swift */,
			);
			path = ViewControllers;
			sourceTree = "<group>";
		};
		5D7AB9FE2A20C42F00FABAE1 /* Resources */ = {
			isa = PBXGroup;
			children = (
				5D7AB9F02A20C3B500FABAE1 /* Assets.xcassets */,
			);
			path = Resources;
			sourceTree = "<group>";
		};
		5D7ABA032A20CB0B00FABAE1 /* Models */ = {
			isa = PBXGroup;
			children = (
				5D7ABA012A20CB0500FABAE1 /* Contact.swift */,
			);
			path = Models;
			sourceTree = "<group>";
		};
		5D7ABA062A20CC6B00FABAE1 /* Service */ = {
			isa = PBXGroup;
			children = (
				5D7ABA042A20CBE900FABAE1 /* DataStore.swift */,
			);
			path = Service;
			sourceTree = "<group>";
		};
/* End PBXGroup section */

/* Begin PBXNativeTarget section */
		5D7AB9E32A20C3B400FABAE1 /* ContactList */ = {
			isa = PBXNativeTarget;
			buildConfigurationList = 5D7AB9F82A20C3B500FABAE1 /* Build configuration list for PBXNativeTarget "ContactList" */;
			buildPhases = (
				5D7AB9E02A20C3B400FABAE1 /* Sources */,
				5D7AB9E12A20C3B400FABAE1 /* Frameworks */,
				5D7AB9E22A20C3B400FABAE1 /* Resources */,
			);
			buildRules = (
			);
			dependencies = (
			);
			name = ContactList;
			productName = ContactList;
			productReference = 5D7AB9E42A20C3B400FABAE1 /* ContactList.app */;
			productType = "com.apple.product-type.application";
		};
/* End PBXNativeTarget section */

/* Begin PBXProject section */
		5D7AB9DC2A20C3B400FABAE1 /* Project object */ = {
			isa = PBXProject;
			attributes = {
				BuildIndependentTargetsInParallel = 1;
				LastSwiftUpdateCheck = 1430;
				LastUpgradeCheck = 1430;
				TargetAttributes = {
					5D7AB9E32A20C3B400FABAE1 = {
						CreatedOnToolsVersion = 14.3;
					};
				};
			};
			buildConfigurationList = 5D7AB9DF2A20C3B400FABAE1 /* Build configuration list for PBXProject "ContactList" */;
			compatibilityVersion = "Xcode 14.0";
			developmentRegion = en;
			hasScannedForEncodings = 0;
			knownRegions = (
				en,
				Base,
			);
			mainGroup = 5D7AB9DB2A20C3B400FABAE1;
			productRefGroup = 5D7AB9E52A20C3B400FABAE1 /* Products */;
			projectDirPath = "";
			projectRoot = "";
			targets = (
				5D7AB9E32A20C3B400FABAE1 /* ContactList */,
			);
		};
/* End PBXProject section */

/* Begin PBXResourcesBuildPhase section */
		5D7AB9E22A20C3B400FABAE1 /* Resources */ = {
			isa = PBXResourcesBuildPhase;
			buildActionMask = 2147483647;
			files = (
				5D7AB9F42A20C3B500FABAE1 /* LaunchScreen.storyboard in Resources */,
				5D7AB9F12A20C3B500FABAE1 /* Assets.xcassets in Resources */,
				5D7AB9EF2A20C3B400FABAE1 /* Main.storyboard in Resources */,
			);
			runOnlyForDeploymentPostprocessing = 0;
		};
/* End PBXResourcesBuildPhase section */

/* Begin PBXSourcesBuildPhase section */
		5D7AB9E02A20C3B400FABAE1 /* Sources */ = {
			isa = PBXSourcesBuildPhase;
			buildActionMask = 2147483647;
			files = (
				5D7ABA022A20CB0500FABAE1 /* Contact.swift in Sources */,
				5D7ABA0A2A20D6BD00FABAE1 /* ContactDetails.swift in Sources */,
				5D7AB9E82A20C3B400FABAE1 /* AppDelegate.swift in Sources */,
				5D7ABA002A20C8EE00FABAE1 /* ContactList.swift in Sources */,
				5D7ABA052A20CBE900FABAE1 /* DataStore.swift in Sources */,
				5D7AB9EA2A20C3B400FABAE1 /* SceneDelegate.swift in Sources */,
			);
			runOnlyForDeploymentPostprocessing = 0;
		};
/* End PBXSourcesBuildPhase section */

/* Begin PBXVariantGroup section */
		5D7AB9ED2A20C3B400FABAE1 /* Main.storyboard */ = {
			isa = PBXVariantGroup;
			children = (
				5D7AB9EE2A20C3B400FABAE1 /* Base */,
			);
			name = Main.storyboard;
			sourceTree = "<group>";
		};
		5D7AB9F22A20C3B500FABAE1 /* LaunchScreen.storyboard */ = {
			isa = PBXVariantGroup;
			children = (
				5D7AB9F32A20C3B500FABAE1 /* Base */,
			);
			name = LaunchScreen.storyboard;
			sourceTree = "<group>";
		};
/* End PBXVariantGroup section */

/* Begin XCBuildConfiguration section */
		5D7AB9F62A20C3B500FABAE1 /* Debug */ = {
			isa = XCBuildConfiguration;
			buildSettings = {
				ALWAYS_SEARCH_USER_PATHS = NO;
				CLANG_ANALYZER_NONNULL = YES;
				CLANG_ANALYZER_NUMBER_OBJECT_CONVERSION = YES_AGGRESSIVE;
				CLANG_CXX_LANGUAGE_STANDARD = "gnu++20";
				CLANG_ENABLE_MODULES = YES;
				CLANG_ENABLE_OBJC_ARC = YES;
				CLANG_ENABLE_OBJC_WEAK = YES;
				CLANG_WARN_BLOCK_CAPTURE_AUTORELEASING = YES;
				CLANG_WARN_BOOL_CONVERSION = YES;
				CLANG_WARN_COMMA = YES;
				CLANG_WARN_CONSTANT_CONVERSION = YES;
				CLANG_WARN_DEPRECATED_OBJC_IMPLEMENTATIONS = YES;
				CLANG_WARN_DIRECT_OBJC_ISA_USAGE = YES_ERROR;
				CLANG_WARN_DOCUMENTATION_COMMENTS = YES;
				CLANG_WARN_EMPTY_BODY = YES;
				CLANG_WARN_ENUM_CONVERSION = YES;
				CLANG_WARN_INFINITE_RECURSION = YES;
				CLANG_WARN_INT_CONVERSION = YES;
				CLANG_WARN_NON_LITERAL_NULL_CONVERSION = YES;
				CLANG_WARN_OBJC_IMPLICIT_RETAIN_SELF = YES;
				CLANG_WARN_OBJC_LITERAL_CONVERSION = YES;
				CLANG_WARN_OBJC_ROOT_CLASS = YES_ERROR;
				CLANG_WARN_QUOTED_INCLUDE_IN_FRAMEWORK_HEADER = YES;
				CLANG_WARN_RANGE_LOOP_ANALYSIS = YES;
				CLANG_WARN_STRICT_PROTOTYPES = YES;
				CLANG_WARN_SUSPICIOUS_MOVE = YES;
				CLANG_WARN_UNGUARDED_AVAILABILITY = YES_AGGRESSIVE;
				CLANG_WARN_UNREACHABLE_CODE = YES;
				CLANG_WARN__DUPLICATE_METHOD_MATCH = YES;
				COPY_PHASE_STRIP = NO;
				DEBUG_INFORMATION_FORMAT = dwarf;
				ENABLE_STRICT_OBJC_MSGSEND = YES;
				ENABLE_TESTABILITY = YES;
				GCC_C_LANGUAGE_STANDARD = gnu11;
				GCC_DYNAMIC_NO_PIC = NO;
				GCC_NO_COMMON_BLOCKS = YES;
				GCC_OPTIMIZATION_LEVEL = 0;
				GCC_PREPROCESSOR_DEFINITIONS = (
					"DEBUG=1",
					"$(inherited)",
				);
				GCC_WARN_64_TO_32_BIT_CONVERSION = YES;
				GCC_WARN_ABOUT_RETURN_TYPE = YES_ERROR;
				GCC_WARN_UNDECLARED_SELECTOR = YES;
				GCC_WARN_UNINITIALIZED_AUTOS = YES_AGGRESSIVE;
				GCC_WARN_UNUSED_FUNCTION = YES;
				GCC_WARN_UNUSED_VARIABLE = YES;
				IPHONEOS_DEPLOYMENT_TARGET = 16.4;
				MTL_ENABLE_DEBUG_INFO = INCLUDE_SOURCE;
				MTL_FAST_MATH = YES;
				ONLY_ACTIVE_ARCH = YES;
				SDKROOT = iphoneos;
				SWIFT_ACTIVE_COMPILATION_CONDITIONS = DEBUG;
				SWIFT_OPTIMIZATION_LEVEL = "-Onone";
			};
			name = Debug;
		};
		5D7AB9F72A20C3B500FABAE1 /* Release */ = {
			isa = XCBuildConfiguration;
			buildSettings = {
				ALWAYS_SEARCH_USER_PATHS = NO;
				CLANG_ANALYZER_NONNULL = YES;
				CLANG_ANALYZER_NUMBER_OBJECT_CONVERSION = YES_AGGRESSIVE;
				CLANG_CXX_LANGUAGE_STANDARD = "gnu++20";
				CLANG_ENABLE_MODULES = YES;
				CLANG_ENABLE_OBJC_ARC = YES;
				CLANG_ENABLE_OBJC_WEAK = YES;
				CLANG_WARN_BLOCK_CAPTURE_AUTORELEASING = YES;
				CLANG_WARN_BOOL_CONVERSION = YES;
				CLANG_WARN_COMMA = YES;
				CLANG_WARN_CONSTANT_CONVERSION = YES;
				CLANG_WARN_DEPRECATED_OBJC_IMPLEMENTATIONS = YES;
				CLANG_WARN_DIRECT_OBJC_ISA_USAGE = YES_ERROR;
				CLANG_WARN_DOCUMENTATION_COMMENTS = YES;
				CLANG_WARN_EMPTY_BODY = YES;
				CLANG_WARN_ENUM_CONVERSION = YES;
				CLANG_WARN_INFINITE_RECURSION = YES;
				CLANG_WARN_INT_CONVERSION = YES;
				CLANG_WARN_NON_LITERAL_NULL_CONVERSION = YES;
				CLANG_WARN_OBJC_IMPLICIT_RETAIN_SELF = YES;
				CLANG_WARN_OBJC_LITERAL_CONVERSION = YES;
				CLANG_WARN_OBJC_ROOT_CLASS = YES_ERROR;
				CLANG_WARN_QUOTED_INCLUDE_IN_FRAMEWORK_HEADER = YES;
				CLANG_WARN_RANGE_LOOP_ANALYSIS = YES;
				CLANG_WARN_STRICT_PROTOTYPES = YES;
				CLANG_WARN_SUSPICIOUS_MOVE = YES;
				CLANG_WARN_UNGUARDED_AVAILABILITY = YES_AGGRESSIVE;
				CLANG_WARN_UNREACHABLE_CODE = YES;
				CLANG_WARN__DUPLICATE_METHOD_MATCH = YES;
				COPY_PHASE_STRIP = NO;
				DEBUG_INFORMATION_FORMAT = "dwarf-with-dsym";
				ENABLE_NS_ASSERTIONS = NO;
				ENABLE_STRICT_OBJC_MSGSEND = YES;
				GCC_C_LANGUAGE_STANDARD = gnu11;
				GCC_NO_COMMON_BLOCKS = YES;
				GCC_WARN_64_TO_32_BIT_CONVERSION = YES;
				GCC_WARN_ABOUT_RETURN_TYPE = YES_ERROR;
				GCC_WARN_UNDECLARED_SELECTOR = YES;
				GCC_WARN_UNINITIALIZED_AUTOS = YES_AGGRESSIVE;
				GCC_WARN_UNUSED_FUNCTION = YES;
				GCC_WARN_UNUSED_VARIABLE = YES;
				IPHONEOS_DEPLOYMENT_TARGET = 16.4;
				MTL_ENABLE_DEBUG_INFO = NO;
				MTL_FAST_MATH = YES;
				SDKROOT = iphoneos;
				SWIFT_COMPILATION_MODE = wholemodule;
				SWIFT_OPTIMIZATION_LEVEL = "-O";
				VALIDATE_PRODUCT = YES;
			};
			name = Release;
		};
		5D7AB9F92A20C3B500FABAE1 /* Debug */ = {
			isa = XCBuildConfiguration;
			buildSettings = {
				ASSETCATALOG_COMPILER_APPICON_NAME = AppIcon;
				ASSETCATALOG_COMPILER_GLOBAL_ACCENT_COLOR_NAME = AccentColor;
				CODE_SIGN_STYLE = Automatic;
				CURRENT_PROJECT_VERSION = 1;
				DEVELOPMENT_TEAM = U54N9MV9TR;
				GENERATE_INFOPLIST_FILE = YES;
				INFOPLIST_FILE = ContactList/App/Info.plist;
				INFOPLIST_KEY_UIApplicationSupportsIndirectInputEvents = YES;
				INFOPLIST_KEY_UILaunchStoryboardName = LaunchScreen;
				INFOPLIST_KEY_UIMainStoryboardFile = Main;
				INFOPLIST_KEY_UISupportedInterfaceOrientations = UIInterfaceOrientationPortrait;
				INFOPLIST_KEY_UISupportedInterfaceOrientations_iPad = "UIInterfaceOrientationLandscapeLeft UIInterfaceOrientationLandscapeRight UIInterfaceOrientationPortrait UIInterfaceOrientationPortraitUpsideDown";
				LD_RUNPATH_SEARCH_PATHS = (
					"$(inherited)",
					"@executable_path/Frameworks",
				);
				MARKETING_VERSION = 1.0;
				PRODUCT_BUNDLE_IDENTIFIER = "Egor-Kruglov.ContactList";
				PRODUCT_NAME = "$(TARGET_NAME)";
				SUPPORTED_PLATFORMS = "iphoneos iphonesimulator";
				SUPPORTS_MACCATALYST = NO;
				SUPPORTS_MAC_DESIGNED_FOR_IPHONE_IPAD = NO;
				SWIFT_EMIT_LOC_STRINGS = YES;
				SWIFT_VERSION = 5.0;
				TARGETED_DEVICE_FAMILY = 1;
			};
			name = Debug;
		};
		5D7AB9FA2A20C3B500FABAE1 /* Release */ = {
			isa = XCBuildConfiguration;
			buildSettings = {
				ASSETCATALOG_COMPILER_APPICON_NAME = AppIcon;
				ASSETCATALOG_COMPILER_GLOBAL_ACCENT_COLOR_NAME = AccentColor;
				CODE_SIGN_STYLE = Automatic;
				CURRENT_PROJECT_VERSION = 1;
				DEVELOPMENT_TEAM = U54N9MV9TR;
				GENERATE_INFOPLIST_FILE = YES;
				INFOPLIST_FILE = ContactList/App/Info.plist;
				INFOPLIST_KEY_UIApplicationSupportsIndirectInputEvents = YES;
				INFOPLIST_KEY_UILaunchStoryboardName = LaunchScreen;
				INFOPLIST_KEY_UIMainStoryboardFile = Main;
				INFOPLIST_KEY_UISupportedInterfaceOrientations = UIInterfaceOrientationPortrait;
				INFOPLIST_KEY_UISupportedInterfaceOrientations_iPad = "UIInterfaceOrientationLandscapeLeft UIInterfaceOrientationLandscapeRight UIInterfaceOrientationPortrait UIInterfaceOrientationPortraitUpsideDown";
				LD_RUNPATH_SEARCH_PATHS = (
					"$(inherited)",
					"@executable_path/Frameworks",
				);
				MARKETING_VERSION = 1.0;
				PRODUCT_BUNDLE_IDENTIFIER = "Egor-Kruglov.ContactList";
				PRODUCT_NAME = "$(TARGET_NAME)";
				SUPPORTED_PLATFORMS = "iphoneos iphonesimulator";
				SUPPORTS_MACCATALYST = NO;
				SUPPORTS_MAC_DESIGNED_FOR_IPHONE_IPAD = NO;
				SWIFT_EMIT_LOC_STRINGS = YES;
				SWIFT_VERSION = 5.0;
				TARGETED_DEVICE_FAMILY = 1;
			};
			name = Release;
		};
/* End XCBuildConfiguration section */

/* Begin XCConfigurationList section */
		5D7AB9DF2A20C3B400FABAE1 /* Build configuration list for PBXProject "ContactList" */ = {
			isa = XCConfigurationList;
			buildConfigurations = (
				5D7AB9F62A20C3B500FABAE1 /* Debug */,
				5D7AB9F72A20C3B500FABAE1 /* Release */,
			);
			defaultConfigurationIsVisible = 0;
			defaultConfigurationName = Release;
		};
		5D7AB9F82A20C3B500FABAE1 /* Build configuration list for PBXNativeTarget "ContactList" */ = {
			isa = XCConfigurationList;
			buildConfigurations = (
				5D7AB9F92A20C3B500FABAE1 /* Debug */,
				5D7AB9FA2A20C3B500FABAE1 /* Release */,
			);
			defaultConfigurationIsVisible = 0;
			defaultConfigurationName = Release;
		};
/* End XCConfigurationList section */
	};
	rootObject = 5D7AB9DC2A20C3B400FABAE1 /* Project object */;
}
